
Microsoft Visual Studio Solution File, Format Version 12.00
# Visual Studio Version 16
VisualStudioVersion = 16.0.28803.202
MinimumVisualStudioVersion = 10.0.40219.1
Project("{FAE04EC0-301F-11D3-BF4B-00C04F79EFBC}") = "SvgIllustrator", "SvgIllustrator\SvgIllustrator.csproj", "{581EE849-2212-4481-A3AD-DBD691B1C499}"
EndProject
Global
	GlobalSection(SolutionConfigurationPlatforms) = preSolution
		Debug|Any CPU = Debug|Any CPU
		Release|Any CPU = Release|Any CPU
	EndGlobalSection
	GlobalSection(ProjectConfigurationPlatforms) = postSolution
		{581EE849-2212-4481-A3AD-DBD691B1C499}.Debug|Any CPU.ActiveCfg = Debug|Any CPU
		{581EE849-2212-4481-A3AD-DBD691B1C499}.Debug|Any CPU.Build.0 = Debug|Any CPU
		{581EE849-2212-4481-A3AD-DBD691B1C499}.Release|Any CPU.ActiveCfg = Release|Any CPU
		{581EE849-2212-4481-A3AD-DBD691B1C499}.Release|Any CPU.Build.0 = Release|Any CPU
	EndGlobalSection
	GlobalSection(SolutionProperties) = preSolution
		HideSolutionNode = FALSE
	EndGlobalSection
	GlobalSection(ExtensibilityGlobals) = postSolution
		SolutionGuid = {7097B90E-7B29-4131-9545-8860A273D4AE}
	EndGlobalSection
EndGlobal
